// !$*UTF8*$!
{
	archiveVersion = 1;
	classes = {
	};
	objectVersion = 46;
	objects = {

/* Begin PBXBuildFile section */
		8D92C6F019C418EA002B8428 /* Foundation.framework in Frameworks */ = {isa = PBXBuildFile; fileRef = 8D92C6EF19C418EA002B8428 /* Foundation.framework */; };
		8D92C6F219C418EA002B8428 /* CoreGraphics.framework in Frameworks */ = {isa = PBXBuildFile; fileRef = 8D92C6F119C418EA002B8428 /* CoreGraphics.framework */; };
		8D92C6F419C418EA002B8428 /* UIKit.framework in Frameworks */ = {isa = PBXBuildFile; fileRef = 8D92C6F319C418EA002B8428 /* UIKit.framework */; };
		8D92C6FA19C418EA002B8428 /* InfoPlist.strings in Resources */ = {isa = PBXBuildFile; fileRef = 8D92C6F819C418EA002B8428 /* InfoPlist.strings */; };
		8D92C6FC19C418EA002B8428 /* main.m in Sources */ = {isa = PBXBuildFile; fileRef = 8D92C6FB19C418EA002B8428 /* main.m */; };
		8D92C70019C418EA002B8428 /* AppDelegate.m in Sources */ = {isa = PBXBuildFile; fileRef = 8D92C6FF19C418EA002B8428 /* AppDelegate.m */; };
		8D92C70619C418EA002B8428 /* ViewController.m in Sources */ = {isa = PBXBuildFile; fileRef = 8D92C70519C418EA002B8428 /* ViewController.m */; };
		8D92C70819C418EA002B8428 /* Images.xcassets in Resources */ = {isa = PBXBuildFile; fileRef = 8D92C70719C418EA002B8428 /* Images.xcassets */; };
		8D92C70F19C418EA002B8428 /* XCTest.framework in Frameworks */ = {isa = PBXBuildFile; fileRef = 8D92C70E19C418EA002B8428 /* XCTest.framework */; };
		8D92C71019C418EA002B8428 /* Foundation.framework in Frameworks */ = {isa = PBXBuildFile; fileRef = 8D92C6EF19C418EA002B8428 /* Foundation.framework */; };
		8D92C71119C418EA002B8428 /* UIKit.framework in Frameworks */ = {isa = PBXBuildFile; fileRef = 8D92C6F319C418EA002B8428 /* UIKit.framework */; };
		8D92C71919C418EA002B8428 /* InfoPlist.strings in Resources */ = {isa = PBXBuildFile; fileRef = 8D92C71719C418EA002B8428 /* InfoPlist.strings */; };
		8D92C71B19C418EA002B8428 /* Bitcoin_RewardTests.m in Sources */ = {isa = PBXBuildFile; fileRef = 8D92C71A19C418EA002B8428 /* Bitcoin_RewardTests.m */; };
		8D92C72A19C419DD002B8428 /* YQPopoverController.m in Sources */ = {isa = PBXBuildFile; fileRef = 8D92C72719C419DD002B8428 /* YQPopoverController.m */; };
		8D92C72B19C419DD002B8428 /* YQStoryboardPopoverSegue.m in Sources */ = {isa = PBXBuildFile; fileRef = 8D92C72919C419DD002B8428 /* YQStoryboardPopoverSegue.m */; };
		8D92C72F19C419FA002B8428 /* YQButton.m in Sources */ = {isa = PBXBuildFile; fileRef = 8D92C72E19C419FA002B8428 /* YQButton.m */; };
		8D92C74419C41A16002B8428 /* YQHTTPRequestOperation.m in Sources */ = {isa = PBXBuildFile; fileRef = 8D92C73219C41A16002B8428 /* YQHTTPRequestOperation.m */; };
		8D92C74519C41A16002B8428 /* YQHTTPRequestOperationManager.m in Sources */ = {isa = PBXBuildFile; fileRef = 8D92C73419C41A16002B8428 /* YQHTTPRequestOperationManager.m */; };
		8D92C74619C41A16002B8428 /* YQHTTPSessionManager.m in Sources */ = {isa = PBXBuildFile; fileRef = 8D92C73619C41A16002B8428 /* YQHTTPSessionManager.m */; };
		8D92C74719C41A16002B8428 /* YQNetworkReachabilityManager.m in Sources */ = {isa = PBXBuildFile; fileRef = 8D92C73919C41A16002B8428 /* YQNetworkReachabilityManager.m */; };
		8D92C74819C41A16002B8428 /* YQSecurityPolicy.m in Sources */ = {isa = PBXBuildFile; fileRef = 8D92C73B19C41A16002B8428 /* YQSecurityPolicy.m */; };
		8D92C74919C41A16002B8428 /* YQURLConnectionOperation.m in Sources */ = {isa = PBXBuildFile; fileRef = 8D92C73D19C41A16002B8428 /* YQURLConnectionOperation.m */; };
		8D92C74A19C41A16002B8428 /* YQURLRequestSerialization.m in Sources */ = {isa = PBXBuildFile; fileRef = 8D92C73F19C41A16002B8428 /* YQURLRequestSerialization.m */; };
		8D92C74B19C41A16002B8428 /* YQURLResponseSerialization.m in Sources */ = {isa = PBXBuildFile; fileRef = 8D92C74119C41A16002B8428 /* YQURLResponseSerialization.m */; };
		8D92C74C19C41A16002B8428 /* YQURLSessionManager.m in Sources */ = {isa = PBXBuildFile; fileRef = 8D92C74319C41A16002B8428 /* YQURLSessionManager.m */; };
		8D92C75019C46A1A002B8428 /* YQLabel.m in Sources */ = {isa = PBXBuildFile; fileRef = 8D92C74F19C46A1A002B8428 /* YQLabel.m */; };
		8D92C77C19C46A22002B8428 /* YQParse.m in Sources */ = {isa = PBXBuildFile; fileRef = 8D92C76719C46A22002B8428 /* YQParse.m */; };
		8D92C77D19C46A22002B8428 /* YQParseImgaeView.m in Sources */ = {isa = PBXBuildFile; fileRef = 8D92C76A19C46A22002B8428 /* YQParseImgaeView.m */; };
		8D92C77E19C46A22002B8428 /* YQParseObject.m in Sources */ = {isa = PBXBuildFile; fileRef = 8D92C76C19C46A22002B8428 /* YQParseObject.m */; };
		8D92C77F19C46A22002B8428 /* YQParseQuery.m in Sources */ = {isa = PBXBuildFile; fileRef = 8D92C76E19C46A22002B8428 /* YQParseQuery.m */; };
		8D92C78019C46A22002B8428 /* YQParseRequestOperationManager.m in Sources */ = {isa = PBXBuildFile; fileRef = 8D92C77019C46A22002B8428 /* YQParseRequestOperationManager.m */; };
		8D92C78119C46A22002B8428 /* YQParseUser.m in Sources */ = {isa = PBXBuildFile; fileRef = 8D92C77219C46A22002B8428 /* YQParseUser.m */; };
		8D92C78419C46B20002B8428 /* BitcoinRewarding.m in Sources */ = {isa = PBXBuildFile; fileRef = 8D92C78319C46B20002B8428 /* BitcoinRewarding.m */; };
		8D92C78719C4720A002B8428 /* BRHTTPRequestOperationManager.m in Sources */ = {isa = PBXBuildFile; fileRef = 8D92C78619C4720A002B8428 /* BRHTTPRequestOperationManager.m */; };
		8D92C7A219C4EF91002B8428 /* BRAccount.m in Sources */ = {isa = PBXBuildFile; fileRef = 8D92C79919C4EF90002B8428 /* BRAccount.m */; };
		8D92C7A319C4EF91002B8428 /* BRExchange.m in Sources */ = {isa = PBXBuildFile; fileRef = 8D92C79B19C4EF91002B8428 /* BRExchange.m */; };
		8D92C7A419C4EF91002B8428 /* BRRequest.m in Sources */ = {isa = PBXBuildFile; fileRef = 8D92C79D19C4EF91002B8428 /* BRRequest.m */; };
		8D92C7A519C4EF91002B8428 /* BRTransaction.m in Sources */ = {isa = PBXBuildFile; fileRef = 8D92C79F19C4EF91002B8428 /* BRTransaction.m */; };
		8D92C7A619C4EF91002B8428 /* BRCoinbase.m in Sources */ = {isa = PBXBuildFile; fileRef = 8D92C7A119C4EF91002B8428 /* BRCoinbase.m */; };
		8D92C82E19C4F3E9002B8428 /* NSDate+TimeAgo.m in Sources */ = {isa = PBXBuildFile; fileRef = 8D92C82C19C4F3E9002B8428 /* NSDate+TimeAgo.m */; };
		8D92C82F19C4F3E9002B8428 /* NSDateTimeAgo.bundle in Resources */ = {isa = PBXBuildFile; fileRef = 8D92C82D19C4F3E9002B8428 /* NSDateTimeAgo.bundle */; };
		8D92C83519C4F3F5002B8428 /* NSData+NSHash.m in Sources */ = {isa = PBXBuildFile; fileRef = 8D92C83219C4F3F5002B8428 /* NSData+NSHash.m */; };
		8D92C83619C4F3F5002B8428 /* NSString+NSHash.m in Sources */ = {isa = PBXBuildFile; fileRef = 8D92C83419C4F3F5002B8428 /* NSString+NSHash.m */; };
		8D92C85C19C4F40B002B8428 /* NSArray+SAMAdditions.m in Sources */ = {isa = PBXBuildFile; fileRef = 8D92C83919C4F40B002B8428 /* NSArray+SAMAdditions.m */; };
		8D92C85D19C4F40B002B8428 /* NSData+SAMAdditions.m in Sources */ = {isa = PBXBuildFile; fileRef = 8D92C83B19C4F40B002B8428 /* NSData+SAMAdditions.m */; };
		8D92C85E19C4F40B002B8428 /* NSDate+SAMAdditions.m in Sources */ = {isa = PBXBuildFile; fileRef = 8D92C83D19C4F40B002B8428 /* NSDate+SAMAdditions.m */; };
		8D92C85F19C4F40B002B8428 /* NSDictionary+SAMAdditions.m in Sources */ = {isa = PBXBuildFile; fileRef = 8D92C83F19C4F40B002B8428 /* NSDictionary+SAMAdditions.m */; };
		8D92C86019C4F40B002B8428 /* NSNumber+SAMAdditions.m in Sources */ = {isa = PBXBuildFile; fileRef = 8D92C84119C4F40B002B8428 /* NSNumber+SAMAdditions.m */; };
		8D92C86119C4F40B002B8428 /* NSObject+SAMAdditions.m in Sources */ = {isa = PBXBuildFile; fileRef = 8D92C84319C4F40B002B8428 /* NSObject+SAMAdditions.m */; };
		8D92C86219C4F40B002B8428 /* NSString+SAMAdditions.m in Sources */ = {isa = PBXBuildFile; fileRef = 8D92C84519C4F40B002B8428 /* NSString+SAMAdditions.m */; };
		8D92C86319C4F40B002B8428 /* NSURL+SAMAdditions.m in Sources */ = {isa = PBXBuildFile; fileRef = 8D92C84719C4F40B002B8428 /* NSURL+SAMAdditions.m */; };
		8D92C86419C4F40B002B8428 /* NSUserDefaults+SAMAdditions.m in Sources */ = {isa = PBXBuildFile; fileRef = 8D92C84919C4F40B002B8428 /* NSUserDefaults+SAMAdditions.m */; };
		8D92C86519C4F40B002B8428 /* SAMCategories.bundle in Resources */ = {isa = PBXBuildFile; fileRef = 8D92C84A19C4F40B002B8428 /* SAMCategories.bundle */; };
		8D92C86619C4F40B002B8428 /* UIApplication+SAMAdditions.m in Sources */ = {isa = PBXBuildFile; fileRef = 8D92C84D19C4F40B002B8428 /* UIApplication+SAMAdditions.m */; };
		8D92C86719C4F40B002B8428 /* UIColor+SAMAdditions.m in Sources */ = {isa = PBXBuildFile; fileRef = 8D92C84F19C4F40B002B8428 /* UIColor+SAMAdditions.m */; };
		8D92C86819C4F40B002B8428 /* UIControl+SAMAdditions.m in Sources */ = {isa = PBXBuildFile; fileRef = 8D92C85119C4F40B002B8428 /* UIControl+SAMAdditions.m */; };
		8D92C86919C4F40B002B8428 /* UIDevice+SAMAdditions.m in Sources */ = {isa = PBXBuildFile; fileRef = 8D92C85319C4F40B002B8428 /* UIDevice+SAMAdditions.m */; };
		8D92C86A19C4F40B002B8428 /* UIScreen+SAMAdditions.m in Sources */ = {isa = PBXBuildFile; fileRef = 8D92C85519C4F40B002B8428 /* UIScreen+SAMAdditions.m */; };
		8D92C86B19C4F40B002B8428 /* UIScrollView+SAMAdditions.m in Sources */ = {isa = PBXBuildFile; fileRef = 8D92C85719C4F40B002B8428 /* UIScrollView+SAMAdditions.m */; };
		8D92C86C19C4F40B002B8428 /* UIView+SAMAdditions.m in Sources */ = {isa = PBXBuildFile; fileRef = 8D92C85919C4F40B002B8428 /* UIView+SAMAdditions.m */; };
		8D92C86D19C4F40B002B8428 /* UIViewController+SAMAdditions.m in Sources */ = {isa = PBXBuildFile; fileRef = 8D92C85B19C4F40B002B8428 /* UIViewController+SAMAdditions.m */; };
		8D92C88C19C4F469002B8428 /* NSData+ImageContentType.m in Sources */ = {isa = PBXBuildFile; fileRef = 8D92C87019C4F469002B8428 /* NSData+ImageContentType.m */; };
		8D92C88D19C4F469002B8428 /* SDImageCache.m in Sources */ = {isa = PBXBuildFile; fileRef = 8D92C87219C4F469002B8428 /* SDImageCache.m */; };
		8D92C88E19C4F469002B8428 /* SDWebImageCompat.m in Sources */ = {isa = PBXBuildFile; fileRef = 8D92C87419C4F469002B8428 /* SDWebImageCompat.m */; };
		8D92C88F19C4F469002B8428 /* SDWebImageDecoder.m in Sources */ = {isa = PBXBuildFile; fileRef = 8D92C87619C4F469002B8428 /* SDWebImageDecoder.m */; };
		8D92C89019C4F469002B8428 /* SDWebImageDownloader.m in Sources */ = {isa = PBXBuildFile; fileRef = 8D92C87819C4F469002B8428 /* SDWebImageDownloader.m */; };
		8D92C89119C4F469002B8428 /* SDWebImageDownloaderOperation.m in Sources */ = {isa = PBXBuildFile; fileRef = 8D92C87A19C4F469002B8428 /* SDWebImageDownloaderOperation.m */; };
		8D92C89219C4F469002B8428 /* SDWebImageManager.m in Sources */ = {isa = PBXBuildFile; fileRef = 8D92C87C19C4F469002B8428 /* SDWebImageManager.m */; };
		8D92C89319C4F469002B8428 /* SDWebImagePrefetcher.m in Sources */ = {isa = PBXBuildFile; fileRef = 8D92C87F19C4F469002B8428 /* SDWebImagePrefetcher.m */; };
		8D92C89419C4F469002B8428 /* UIButton+WebCache.m in Sources */ = {isa = PBXBuildFile; fileRef = 8D92C88119C4F469002B8428 /* UIButton+WebCache.m */; };
		8D92C89519C4F469002B8428 /* UIImage+GIF.m in Sources */ = {isa = PBXBuildFile; fileRef = 8D92C88319C4F469002B8428 /* UIImage+GIF.m */; };
		8D92C89619C4F469002B8428 /* UIImage+MultiFormat.m in Sources */ = {isa = PBXBuildFile; fileRef = 8D92C88519C4F469002B8428 /* UIImage+MultiFormat.m */; };
		8D92C89719C4F469002B8428 /* UIImageView+HighlightedWebCache.m in Sources */ = {isa = PBXBuildFile; fileRef = 8D92C88719C4F469002B8428 /* UIImageView+HighlightedWebCache.m */; };
		8D92C89819C4F469002B8428 /* UIImageView+WebCache.m in Sources */ = {isa = PBXBuildFile; fileRef = 8D92C88919C4F469002B8428 /* UIImageView+WebCache.m */; };
		8D92C89919C4F469002B8428 /* UIView+WebCacheOperation.m in Sources */ = {isa = PBXBuildFile; fileRef = 8D92C88B19C4F469002B8428 /* UIView+WebCacheOperation.m */; };
/* End PBXBuildFile section */

/* Begin PBXContainerItemProxy section */
		8D92C71219C418EA002B8428 /* PBXContainerItemProxy */ = {
			isa = PBXContainerItemProxy;
			containerPortal = 8D92C6E419C418EA002B8428 /* Project object */;
			proxyType = 1;
			remoteGlobalIDString = 8D92C6EB19C418EA002B8428;
			remoteInfo = "Bitcoin-Reward";
		};
/* End PBXContainerItemProxy section */

/* Begin PBXFileReference section */
		8D92C6EC19C418EA002B8428 /* Bitcoin-Reward.app */ = {isa = PBXFileReference; explicitFileType = wrapper.application; includeInIndex = 0; path = "Bitcoin-Reward.app"; sourceTree = BUILT_PRODUCTS_DIR; };
		8D92C6EF19C418EA002B8428 /* Foundation.framework */ = {isa = PBXFileReference; lastKnownFileType = wrapper.framework; name = Foundation.framework; path = System/Library/Frameworks/Foundation.framework; sourceTree = SDKROOT; };
		8D92C6F119C418EA002B8428 /* CoreGraphics.framework */ = {isa = PBXFileReference; lastKnownFileType = wrapper.framework; name = CoreGraphics.framework; path = System/Library/Frameworks/CoreGraphics.framework; sourceTree = SDKROOT; };
		8D92C6F319C418EA002B8428 /* UIKit.framework */ = {isa = PBXFileReference; lastKnownFileType = wrapper.framework; name = UIKit.framework; path = System/Library/Frameworks/UIKit.framework; sourceTree = SDKROOT; };
		8D92C6F719C418EA002B8428 /* Bitcoin-Reward-Info.plist */ = {isa = PBXFileReference; lastKnownFileType = text.plist.xml; path = "Bitcoin-Reward-Info.plist"; sourceTree = "<group>"; };
		8D92C6F919C418EA002B8428 /* en */ = {isa = PBXFileReference; lastKnownFileType = text.plist.strings; name = en; path = en.lproj/InfoPlist.strings; sourceTree = "<group>"; };
		8D92C6FB19C418EA002B8428 /* main.m */ = {isa = PBXFileReference; lastKnownFileType = sourcecode.c.objc; path = main.m; sourceTree = "<group>"; };
		8D92C6FD19C418EA002B8428 /* Bitcoin-Reward-Prefix.pch */ = {isa = PBXFileReference; lastKnownFileType = sourcecode.c.h; path = "Bitcoin-Reward-Prefix.pch"; sourceTree = "<group>"; };
		8D92C6FE19C418EA002B8428 /* AppDelegate.h */ = {isa = PBXFileReference; lastKnownFileType = sourcecode.c.h; path = AppDelegate.h; sourceTree = "<group>"; };
		8D92C6FF19C418EA002B8428 /* AppDelegate.m */ = {isa = PBXFileReference; lastKnownFileType = sourcecode.c.objc; path = AppDelegate.m; sourceTree = "<group>"; };
		8D92C70419C418EA002B8428 /* ViewController.h */ = {isa = PBXFileReference; lastKnownFileType = sourcecode.c.h; path = ViewController.h; sourceTree = "<group>"; };
		8D92C70519C418EA002B8428 /* ViewController.m */ = {isa = PBXFileReference; lastKnownFileType = sourcecode.c.objc; path = ViewController.m; sourceTree = "<group>"; };
		8D92C70719C418EA002B8428 /* Images.xcassets */ = {isa = PBXFileReference; lastKnownFileType = folder.assetcatalog; path = Images.xcassets; sourceTree = "<group>"; };
		8D92C70D19C418EA002B8428 /* Bitcoin-RewardTests.xctest */ = {isa = PBXFileReference; explicitFileType = wrapper.cfbundle; includeInIndex = 0; path = "Bitcoin-RewardTests.xctest"; sourceTree = BUILT_PRODUCTS_DIR; };
		8D92C70E19C418EA002B8428 /* XCTest.framework */ = {isa = PBXFileReference; lastKnownFileType = wrapper.framework; name = XCTest.framework; path = Library/Frameworks/XCTest.framework; sourceTree = DEVELOPER_DIR; };
		8D92C71619C418EA002B8428 /* Bitcoin-RewardTests-Info.plist */ = {isa = PBXFileReference; lastKnownFileType = text.plist.xml; path = "Bitcoin-RewardTests-Info.plist"; sourceTree = "<group>"; };
		8D92C71819C418EA002B8428 /* en */ = {isa = PBXFileReference; lastKnownFileType = text.plist.strings; name = en; path = en.lproj/InfoPlist.strings; sourceTree = "<group>"; };
		8D92C71A19C418EA002B8428 /* Bitcoin_RewardTests.m */ = {isa = PBXFileReference; lastKnownFileType = sourcecode.c.objc; path = Bitcoin_RewardTests.m; sourceTree = "<group>"; };
		8D92C72619C419DD002B8428 /* YQPopoverController.h */ = {isa = PBXFileReference; fileEncoding = 4; lastKnownFileType = sourcecode.c.h; path = YQPopoverController.h; sourceTree = "<group>"; };
		8D92C72719C419DD002B8428 /* YQPopoverController.m */ = {isa = PBXFileReference; fileEncoding = 4; lastKnownFileType = sourcecode.c.objc; path = YQPopoverController.m; sourceTree = "<group>"; };
		8D92C72819C419DD002B8428 /* YQStoryboardPopoverSegue.h */ = {isa = PBXFileReference; fileEncoding = 4; lastKnownFileType = sourcecode.c.h; path = YQStoryboardPopoverSegue.h; sourceTree = "<group>"; };
		8D92C72919C419DD002B8428 /* YQStoryboardPopoverSegue.m */ = {isa = PBXFileReference; fileEncoding = 4; lastKnownFileType = sourcecode.c.objc; path = YQStoryboardPopoverSegue.m; sourceTree = "<group>"; };
		8D92C72D19C419FA002B8428 /* YQButton.h */ = {isa = PBXFileReference; fileEncoding = 4; lastKnownFileType = sourcecode.c.h; path = YQButton.h; sourceTree = "<group>"; };
		8D92C72E19C419FA002B8428 /* YQButton.m */ = {isa = PBXFileReference; fileEncoding = 4; lastKnownFileType = sourcecode.c.objc; path = YQButton.m; sourceTree = "<group>"; };
		8D92C73119C41A16002B8428 /* YQHTTPRequestOperation.h */ = {isa = PBXFileReference; fileEncoding = 4; lastKnownFileType = sourcecode.c.h; path = YQHTTPRequestOperation.h; sourceTree = "<group>"; };
		8D92C73219C41A16002B8428 /* YQHTTPRequestOperation.m */ = {isa = PBXFileReference; fileEncoding = 4; lastKnownFileType = sourcecode.c.objc; path = YQHTTPRequestOperation.m; sourceTree = "<group>"; };
		8D92C73319C41A16002B8428 /* YQHTTPRequestOperationManager.h */ = {isa = PBXFileReference; fileEncoding = 4; lastKnownFileType = sourcecode.c.h; path = YQHTTPRequestOperationManager.h; sourceTree = "<group>"; };
		8D92C73419C41A16002B8428 /* YQHTTPRequestOperationManager.m */ = {isa = PBXFileReference; fileEncoding = 4; lastKnownFileType = sourcecode.c.objc; path = YQHTTPRequestOperationManager.m; sourceTree = "<group>"; };
		8D92C73519C41A16002B8428 /* YQHTTPSessionManager.h */ = {isa = PBXFileReference; fileEncoding = 4; lastKnownFileType = sourcecode.c.h; path = YQHTTPSessionManager.h; sourceTree = "<group>"; };
		8D92C73619C41A16002B8428 /* YQHTTPSessionManager.m */ = {isa = PBXFileReference; fileEncoding = 4; lastKnownFileType = sourcecode.c.objc; path = YQHTTPSessionManager.m; sourceTree = "<group>"; };
		8D92C73719C41A16002B8428 /* YQNetworking.h */ = {isa = PBXFileReference; fileEncoding = 4; lastKnownFileType = sourcecode.c.h; path = YQNetworking.h; sourceTree = "<group>"; };
		8D92C73819C41A16002B8428 /* YQNetworkReachabilityManager.h */ = {isa = PBXFileReference; fileEncoding = 4; lastKnownFileType = sourcecode.c.h; path = YQNetworkReachabilityManager.h; sourceTree = "<group>"; };
		8D92C73919C41A16002B8428 /* YQNetworkReachabilityManager.m */ = {isa = PBXFileReference; fileEncoding = 4; lastKnownFileType = sourcecode.c.objc; path = YQNetworkReachabilityManager.m; sourceTree = "<group>"; };
		8D92C73A19C41A16002B8428 /* YQSecurityPolicy.h */ = {isa = PBXFileReference; fileEncoding = 4; lastKnownFileType = sourcecode.c.h; path = YQSecurityPolicy.h; sourceTree = "<group>"; };
		8D92C73B19C41A16002B8428 /* YQSecurityPolicy.m */ = {isa = PBXFileReference; fileEncoding = 4; lastKnownFileType = sourcecode.c.objc; path = YQSecurityPolicy.m; sourceTree = "<group>"; };
		8D92C73C19C41A16002B8428 /* YQURLConnectionOperation.h */ = {isa = PBXFileReference; fileEncoding = 4; lastKnownFileType = sourcecode.c.h; path = YQURLConnectionOperation.h; sourceTree = "<group>"; };
		8D92C73D19C41A16002B8428 /* YQURLConnectionOperation.m */ = {isa = PBXFileReference; fileEncoding = 4; lastKnownFileType = sourcecode.c.objc; path = YQURLConnectionOperation.m; sourceTree = "<group>"; };
		8D92C73E19C41A16002B8428 /* YQURLRequestSerialization.h */ = {isa = PBXFileReference; fileEncoding = 4; lastKnownFileType = sourcecode.c.h; path = YQURLRequestSerialization.h; sourceTree = "<group>"; };
		8D92C73F19C41A16002B8428 /* YQURLRequestSerialization.m */ = {isa = PBXFileReference; fileEncoding = 4; lastKnownFileType = sourcecode.c.objc; path = YQURLRequestSerialization.m; sourceTree = "<group>"; };
		8D92C74019C41A16002B8428 /* YQURLResponseSerialization.h */ = {isa = PBXFileReference; fileEncoding = 4; lastKnownFileType = sourcecode.c.h; path = YQURLResponseSerialization.h; sourceTree = "<group>"; };
		8D92C74119C41A16002B8428 /* YQURLResponseSerialization.m */ = {isa = PBXFileReference; fileEncoding = 4; lastKnownFileType = sourcecode.c.objc; path = YQURLResponseSerialization.m; sourceTree = "<group>"; };
		8D92C74219C41A16002B8428 /* YQURLSessionManager.h */ = {isa = PBXFileReference; fileEncoding = 4; lastKnownFileType = sourcecode.c.h; path = YQURLSessionManager.h; sourceTree = "<group>"; };
		8D92C74319C41A16002B8428 /* YQURLSessionManager.m */ = {isa = PBXFileReference; fileEncoding = 4; lastKnownFileType = sourcecode.c.objc; path = YQURLSessionManager.m; sourceTree = "<group>"; };
		8D92C74E19C46A1A002B8428 /* YQLabel.h */ = {isa = PBXFileReference; fileEncoding = 4; lastKnownFileType = sourcecode.c.h; path = YQLabel.h; sourceTree = "<group>"; };
		8D92C74F19C46A1A002B8428 /* YQLabel.m */ = {isa = PBXFileReference; fileEncoding = 4; lastKnownFileType = sourcecode.c.objc; path = YQLabel.m; sourceTree = "<group>"; };
		8D92C76619C46A22002B8428 /* YQParse.h */ = {isa = PBXFileReference; fileEncoding = 4; lastKnownFileType = sourcecode.c.h; path = YQParse.h; sourceTree = "<group>"; };
		8D92C76719C46A22002B8428 /* YQParse.m */ = {isa = PBXFileReference; fileEncoding = 4; lastKnownFileType = sourcecode.c.objc; path = YQParse.m; sourceTree = "<group>"; };
		8D92C76819C46A22002B8428 /* YQParseConstants.h */ = {isa = PBXFileReference; fileEncoding = 4; lastKnownFileType = sourcecode.c.h; path = YQParseConstants.h; sourceTree = "<group>"; };
		8D92C76919C46A22002B8428 /* YQParseImgaeView.h */ = {isa = PBXFileReference; fileEncoding = 4; lastKnownFileType = sourcecode.c.h; path = YQParseImgaeView.h; sourceTree = "<group>"; };
		8D92C76A19C46A22002B8428 /* YQParseImgaeView.m */ = {isa = PBXFileReference; fileEncoding = 4; lastKnownFileType = sourcecode.c.objc; path = YQParseImgaeView.m; sourceTree = "<group>"; };
		8D92C76B19C46A22002B8428 /* YQParseObject.h */ = {isa = PBXFileReference; fileEncoding = 4; lastKnownFileType = sourcecode.c.h; path = YQParseObject.h; sourceTree = "<group>"; };
		8D92C76C19C46A22002B8428 /* YQParseObject.m */ = {isa = PBXFileReference; fileEncoding = 4; lastKnownFileType = sourcecode.c.objc; path = YQParseObject.m; sourceTree = "<group>"; };
		8D92C76D19C46A22002B8428 /* YQParseQuery.h */ = {isa = PBXFileReference; fileEncoding = 4; lastKnownFileType = sourcecode.c.h; path = YQParseQuery.h; sourceTree = "<group>"; };
		8D92C76E19C46A22002B8428 /* YQParseQuery.m */ = {isa = PBXFileReference; fileEncoding = 4; lastKnownFileType = sourcecode.c.objc; path = YQParseQuery.m; sourceTree = "<group>"; };
		8D92C76F19C46A22002B8428 /* YQParseRequestOperationManager.h */ = {isa = PBXFileReference; fileEncoding = 4; lastKnownFileType = sourcecode.c.h; path = YQParseRequestOperationManager.h; sourceTree = "<group>"; };
		8D92C77019C46A22002B8428 /* YQParseRequestOperationManager.m */ = {isa = PBXFileReference; fileEncoding = 4; lastKnownFileType = sourcecode.c.objc; path = YQParseRequestOperationManager.m; sourceTree = "<group>"; };
		8D92C77119C46A22002B8428 /* YQParseUser.h */ = {isa = PBXFileReference; fileEncoding = 4; lastKnownFileType = sourcecode.c.h; path = YQParseUser.h; sourceTree = "<group>"; };
		8D92C77219C46A22002B8428 /* YQParseUser.m */ = {isa = PBXFileReference; fileEncoding = 4; lastKnownFileType = sourcecode.c.objc; path = YQParseUser.m; sourceTree = "<group>"; };
		8D92C78219C46B20002B8428 /* BitcoinRewarding.h */ = {isa = PBXFileReference; fileEncoding = 4; lastKnownFileType = sourcecode.c.h; path = BitcoinRewarding.h; sourceTree = "<group>"; };
		8D92C78319C46B20002B8428 /* BitcoinRewarding.m */ = {isa = PBXFileReference; fileEncoding = 4; lastKnownFileType = sourcecode.c.objc; path = BitcoinRewarding.m; sourceTree = "<group>"; };
		8D92C78519C4720A002B8428 /* BRHTTPRequestOperationManager.h */ = {isa = PBXFileReference; fileEncoding = 4; lastKnownFileType = sourcecode.c.h; path = BRHTTPRequestOperationManager.h; sourceTree = "<group>"; };
		8D92C78619C4720A002B8428 /* BRHTTPRequestOperationManager.m */ = {isa = PBXFileReference; fileEncoding = 4; lastKnownFileType = sourcecode.c.objc; path = BRHTTPRequestOperationManager.m; sourceTree = "<group>"; };
		8D92C79819C4EF90002B8428 /* BRAccount.h */ = {isa = PBXFileReference; fileEncoding = 4; lastKnownFileType = sourcecode.c.h; path = BRAccount.h; sourceTree = "<group>"; };
		8D92C79919C4EF90002B8428 /* BRAccount.m */ = {isa = PBXFileReference; fileEncoding = 4; lastKnownFileType = sourcecode.c.objc; path = BRAccount.m; sourceTree = "<group>"; };
		8D92C79A19C4EF91002B8428 /* BRExchange.h */ = {isa = PBXFileReference; fileEncoding = 4; lastKnownFileType = sourcecode.c.h; path = BRExchange.h; sourceTree = "<group>"; };
		8D92C79B19C4EF91002B8428 /* BRExchange.m */ = {isa = PBXFileReference; fileEncoding = 4; lastKnownFileType = sourcecode.c.objc; path = BRExchange.m; sourceTree = "<group>"; };
		8D92C79C19C4EF91002B8428 /* BRRequest.h */ = {isa = PBXFileReference; fileEncoding = 4; lastKnownFileType = sourcecode.c.h; path = BRRequest.h; sourceTree = "<group>"; };
		8D92C79D19C4EF91002B8428 /* BRRequest.m */ = {isa = PBXFileReference; fileEncoding = 4; lastKnownFileType = sourcecode.c.objc; path = BRRequest.m; sourceTree = "<group>"; };
		8D92C79E19C4EF91002B8428 /* BRTransaction.h */ = {isa = PBXFileReference; fileEncoding = 4; lastKnownFileType = sourcecode.c.h; path = BRTransaction.h; sourceTree = "<group>"; };
		8D92C79F19C4EF91002B8428 /* BRTransaction.m */ = {isa = PBXFileReference; fileEncoding = 4; lastKnownFileType = sourcecode.c.objc; path = BRTransaction.m; sourceTree = "<group>"; };
		8D92C7A019C4EF91002B8428 /* BRCoinbase.h */ = {isa = PBXFileReference; fileEncoding = 4; lastKnownFileType = sourcecode.c.h; path = BRCoinbase.h; sourceTree = "<group>"; };
		8D92C7A119C4EF91002B8428 /* BRCoinbase.m */ = {isa = PBXFileReference; fileEncoding = 4; lastKnownFileType = sourcecode.c.objc; path = BRCoinbase.m; sourceTree = "<group>"; };
		8D92C82B19C4F3E9002B8428 /* NSDate+TimeAgo.h */ = {isa = PBXFileReference; fileEncoding = 4; lastKnownFileType = sourcecode.c.h; path = "NSDate+TimeAgo.h"; sourceTree = "<group>"; };
		8D92C82C19C4F3E9002B8428 /* NSDate+TimeAgo.m */ = {isa = PBXFileReference; fileEncoding = 4; lastKnownFileType = sourcecode.c.objc; path = "NSDate+TimeAgo.m"; sourceTree = "<group>"; };
		8D92C82D19C4F3E9002B8428 /* NSDateTimeAgo.bundle */ = {isa = PBXFileReference; lastKnownFileType = "wrapper.plug-in"; path = NSDateTimeAgo.bundle; sourceTree = "<group>"; };
		8D92C83119C4F3F5002B8428 /* NSData+NSHash.h */ = {isa = PBXFileReference; fileEncoding = 4; lastKnownFileType = sourcecode.c.h; path = "NSData+NSHash.h"; sourceTree = "<group>"; };
		8D92C83219C4F3F5002B8428 /* NSData+NSHash.m */ = {isa = PBXFileReference; fileEncoding = 4; lastKnownFileType = sourcecode.c.objc; path = "NSData+NSHash.m"; sourceTree = "<group>"; };
		8D92C83319C4F3F5002B8428 /* NSString+NSHash.h */ = {isa = PBXFileReference; fileEncoding = 4; lastKnownFileType = sourcecode.c.h; path = "NSString+NSHash.h"; sourceTree = "<group>"; };
		8D92C83419C4F3F5002B8428 /* NSString+NSHash.m */ = {isa = PBXFileReference; fileEncoding = 4; lastKnownFileType = sourcecode.c.objc; path = "NSString+NSHash.m"; sourceTree = "<group>"; };
		8D92C83819C4F40B002B8428 /* NSArray+SAMAdditions.h */ = {isa = PBXFileReference; fileEncoding = 4; lastKnownFileType = sourcecode.c.h; path = "NSArray+SAMAdditions.h"; sourceTree = "<group>"; };
		8D92C83919C4F40B002B8428 /* NSArray+SAMAdditions.m */ = {isa = PBXFileReference; fileEncoding = 4; lastKnownFileType = sourcecode.c.objc; path = "NSArray+SAMAdditions.m"; sourceTree = "<group>"; };
		8D92C83A19C4F40B002B8428 /* NSData+SAMAdditions.h */ = {isa = PBXFileReference; fileEncoding = 4; lastKnownFileType = sourcecode.c.h; path = "NSData+SAMAdditions.h"; sourceTree = "<group>"; };
		8D92C83B19C4F40B002B8428 /* NSData+SAMAdditions.m */ = {isa = PBXFileReference; fileEncoding = 4; lastKnownFileType = sourcecode.c.objc; path = "NSData+SAMAdditions.m"; sourceTree = "<group>"; };
		8D92C83C19C4F40B002B8428 /* NSDate+SAMAdditions.h */ = {isa = PBXFileReference; fileEncoding = 4; lastKnownFileType = sourcecode.c.h; path = "NSDate+SAMAdditions.h"; sourceTree = "<group>"; };
		8D92C83D19C4F40B002B8428 /* NSDate+SAMAdditions.m */ = {isa = PBXFileReference; fileEncoding = 4; lastKnownFileType = sourcecode.c.objc; path = "NSDate+SAMAdditions.m"; sourceTree = "<group>"; };
		8D92C83E19C4F40B002B8428 /* NSDictionary+SAMAdditions.h */ = {isa = PBXFileReference; fileEncoding = 4; lastKnownFileType = sourcecode.c.h; path = "NSDictionary+SAMAdditions.h"; sourceTree = "<group>"; };
		8D92C83F19C4F40B002B8428 /* NSDictionary+SAMAdditions.m */ = {isa = PBXFileReference; fileEncoding = 4; lastKnownFileType = sourcecode.c.objc; path = "NSDictionary+SAMAdditions.m"; sourceTree = "<group>"; };
		8D92C84019C4F40B002B8428 /* NSNumber+SAMAdditions.h */ = {isa = PBXFileReference; fileEncoding = 4; lastKnownFileType = sourcecode.c.h; path = "NSNumber+SAMAdditions.h"; sourceTree = "<group>"; };
		8D92C84119C4F40B002B8428 /* NSNumber+SAMAdditions.m */ = {isa = PBXFileReference; fileEncoding = 4; lastKnownFileType = sourcecode.c.objc; path = "NSNumber+SAMAdditions.m"; sourceTree = "<group>"; };
		8D92C84219C4F40B002B8428 /* NSObject+SAMAdditions.h */ = {isa = PBXFileReference; fileEncoding = 4; lastKnownFileType = sourcecode.c.h; path = "NSObject+SAMAdditions.h"; sourceTree = "<group>"; };
		8D92C84319C4F40B002B8428 /* NSObject+SAMAdditions.m */ = {isa = PBXFileReference; fileEncoding = 4; lastKnownFileType = sourcecode.c.objc; path = "NSObject+SAMAdditions.m"; sourceTree = "<group>"; };
		8D92C84419C4F40B002B8428 /* NSString+SAMAdditions.h */ = {isa = PBXFileReference; fileEncoding = 4; lastKnownFileType = sourcecode.c.h; path = "NSString+SAMAdditions.h"; sourceTree = "<group>"; };
		8D92C84519C4F40B002B8428 /* NSString+SAMAdditions.m */ = {isa = PBXFileReference; fileEncoding = 4; lastKnownFileType = sourcecode.c.objc; path = "NSString+SAMAdditions.m"; sourceTree = "<group>"; };
		8D92C84619C4F40B002B8428 /* NSURL+SAMAdditions.h */ = {isa = PBXFileReference; fileEncoding = 4; lastKnownFileType = sourcecode.c.h; path = "NSURL+SAMAdditions.h"; sourceTree = "<group>"; };
		8D92C84719C4F40B002B8428 /* NSURL+SAMAdditions.m */ = {isa = PBXFileReference; fileEncoding = 4; lastKnownFileType = sourcecode.c.objc; path = "NSURL+SAMAdditions.m"; sourceTree = "<group>"; };
		8D92C84819C4F40B002B8428 /* NSUserDefaults+SAMAdditions.h */ = {isa = PBXFileReference; fileEncoding = 4; lastKnownFileType = sourcecode.c.h; path = "NSUserDefaults+SAMAdditions.h"; sourceTree = "<group>"; };
		8D92C84919C4F40B002B8428 /* NSUserDefaults+SAMAdditions.m */ = {isa = PBXFileReference; fileEncoding = 4; lastKnownFileType = sourcecode.c.objc; path = "NSUserDefaults+SAMAdditions.m"; sourceTree = "<group>"; };
		8D92C84A19C4F40B002B8428 /* SAMCategories.bundle */ = {isa = PBXFileReference; lastKnownFileType = "wrapper.plug-in"; path = SAMCategories.bundle; sourceTree = "<group>"; };
		8D92C84B19C4F40B002B8428 /* SAMCategories.h */ = {isa = PBXFileReference; fileEncoding = 4; lastKnownFileType = sourcecode.c.h; path = SAMCategories.h; sourceTree = "<group>"; };
		8D92C84C19C4F40B002B8428 /* UIApplication+SAMAdditions.h */ = {isa = PBXFileReference; fileEncoding = 4; lastKnownFileType = sourcecode.c.h; path = "UIApplication+SAMAdditions.h"; sourceTree = "<group>"; };
		8D92C84D19C4F40B002B8428 /* UIApplication+SAMAdditions.m */ = {isa = PBXFileReference; fileEncoding = 4; lastKnownFileType = sourcecode.c.objc; path = "UIApplication+SAMAdditions.m"; sourceTree = "<group>"; };
		8D92C84E19C4F40B002B8428 /* UIColor+SAMAdditions.h */ = {isa = PBXFileReference; fileEncoding = 4; lastKnownFileType = sourcecode.c.h; path = "UIColor+SAMAdditions.h"; sourceTree = "<group>"; };
		8D92C84F19C4F40B002B8428 /* UIColor+SAMAdditions.m */ = {isa = PBXFileReference; fileEncoding = 4; lastKnownFileType = sourcecode.c.objc; path = "UIColor+SAMAdditions.m"; sourceTree = "<group>"; };
		8D92C85019C4F40B002B8428 /* UIControl+SAMAdditions.h */ = {isa = PBXFileReference; fileEncoding = 4; lastKnownFileType = sourcecode.c.h; path = "UIControl+SAMAdditions.h"; sourceTree = "<group>"; };
		8D92C85119C4F40B002B8428 /* UIControl+SAMAdditions.m */ = {isa = PBXFileReference; fileEncoding = 4; lastKnownFileType = sourcecode.c.objc; path = "UIControl+SAMAdditions.m"; sourceTree = "<group>"; };
		8D92C85219C4F40B002B8428 /* UIDevice+SAMAdditions.h */ = {isa = PBXFileReference; fileEncoding = 4; lastKnownFileType = sourcecode.c.h; path = "UIDevice+SAMAdditions.h"; sourceTree = "<group>"; };
		8D92C85319C4F40B002B8428 /* UIDevice+SAMAdditions.m */ = {isa = PBXFileReference; fileEncoding = 4; lastKnownFileType = sourcecode.c.objc; path = "UIDevice+SAMAdditions.m"; sourceTree = "<group>"; };
		8D92C85419C4F40B002B8428 /* UIScreen+SAMAdditions.h */ = {isa = PBXFileReference; fileEncoding = 4; lastKnownFileType = sourcecode.c.h; path = "UIScreen+SAMAdditions.h"; sourceTree = "<group>"; };
		8D92C85519C4F40B002B8428 /* UIScreen+SAMAdditions.m */ = {isa = PBXFileReference; fileEncoding = 4; lastKnownFileType = sourcecode.c.objc; path = "UIScreen+SAMAdditions.m"; sourceTree = "<group>"; };
		8D92C85619C4F40B002B8428 /* UIScrollView+SAMAdditions.h */ = {isa = PBXFileReference; fileEncoding = 4; lastKnownFileType = sourcecode.c.h; path = "UIScrollView+SAMAdditions.h"; sourceTree = "<group>"; };
		8D92C85719C4F40B002B8428 /* UIScrollView+SAMAdditions.m */ = {isa = PBXFileReference; fileEncoding = 4; lastKnownFileType = sourcecode.c.objc; path = "UIScrollView+SAMAdditions.m"; sourceTree = "<group>"; };
		8D92C85819C4F40B002B8428 /* UIView+SAMAdditions.h */ = {isa = PBXFileReference; fileEncoding = 4; lastKnownFileType = sourcecode.c.h; path = "UIView+SAMAdditions.h"; sourceTree = "<group>"; };
		8D92C85919C4F40B002B8428 /* UIView+SAMAdditions.m */ = {isa = PBXFileReference; fileEncoding = 4; lastKnownFileType = sourcecode.c.objc; path = "UIView+SAMAdditions.m"; sourceTree = "<group>"; };
		8D92C85A19C4F40B002B8428 /* UIViewController+SAMAdditions.h */ = {isa = PBXFileReference; fileEncoding = 4; lastKnownFileType = sourcecode.c.h; path = "UIViewController+SAMAdditions.h"; sourceTree = "<group>"; };
		8D92C85B19C4F40B002B8428 /* UIViewController+SAMAdditions.m */ = {isa = PBXFileReference; fileEncoding = 4; lastKnownFileType = sourcecode.c.objc; path = "UIViewController+SAMAdditions.m"; sourceTree = "<group>"; };
		8D92C86F19C4F469002B8428 /* NSData+ImageContentType.h */ = {isa = PBXFileReference; fileEncoding = 4; lastKnownFileType = sourcecode.c.h; path = "NSData+ImageContentType.h"; sourceTree = "<group>"; };
		8D92C87019C4F469002B8428 /* NSData+ImageContentType.m */ = {isa = PBXFileReference; fileEncoding = 4; lastKnownFileType = sourcecode.c.objc; path = "NSData+ImageContentType.m"; sourceTree = "<group>"; };
		8D92C87119C4F469002B8428 /* SDImageCache.h */ = {isa = PBXFileReference; fileEncoding = 4; lastKnownFileType = sourcecode.c.h; path = SDImageCache.h; sourceTree = "<group>"; };
		8D92C87219C4F469002B8428 /* SDImageCache.m */ = {isa = PBXFileReference; fileEncoding = 4; lastKnownFileType = sourcecode.c.objc; path = SDImageCache.m; sourceTree = "<group>"; };
		8D92C87319C4F469002B8428 /* SDWebImageCompat.h */ = {isa = PBXFileReference; fileEncoding = 4; lastKnownFileType = sourcecode.c.h; path = SDWebImageCompat.h; sourceTree = "<group>"; };
		8D92C87419C4F469002B8428 /* SDWebImageCompat.m */ = {isa = PBXFileReference; fileEncoding = 4; lastKnownFileType = sourcecode.c.objc; path = SDWebImageCompat.m; sourceTree = "<group>"; };
		8D92C87519C4F469002B8428 /* SDWebImageDecoder.h */ = {isa = PBXFileReference; fileEncoding = 4; lastKnownFileType = sourcecode.c.h; path = SDWebImageDecoder.h; sourceTree = "<group>"; };
		8D92C87619C4F469002B8428 /* SDWebImageDecoder.m */ = {isa = PBXFileReference; fileEncoding = 4; lastKnownFileType = sourcecode.c.objc; path = SDWebImageDecoder.m; sourceTree = "<group>"; };
		8D92C87719C4F469002B8428 /* SDWebImageDownloader.h */ = {isa = PBXFileReference; fileEncoding = 4; lastKnownFileType = sourcecode.c.h; path = SDWebImageDownloader.h; sourceTree = "<group>"; };
		8D92C87819C4F469002B8428 /* SDWebImageDownloader.m */ = {isa = PBXFileReference; fileEncoding = 4; lastKnownFileType = sourcecode.c.objc; path = SDWebImageDownloader.m; sourceTree = "<group>"; };
		8D92C87919C4F469002B8428 /* SDWebImageDownloaderOperation.h */ = {isa = PBXFileReference; fileEncoding = 4; lastKnownFileType = sourcecode.c.h; path = SDWebImageDownloaderOperation.h; sourceTree = "<group>"; };
		8D92C87A19C4F469002B8428 /* SDWebImageDownloaderOperation.m */ = {isa = PBXFileReference; fileEncoding = 4; lastKnownFileType = sourcecode.c.objc; path = SDWebImageDownloaderOperation.m; sourceTree = "<group>"; };
		8D92C87B19C4F469002B8428 /* SDWebImageManager.h */ = {isa = PBXFileReference; fileEncoding = 4; lastKnownFileType = sourcecode.c.h; path = SDWebImageManager.h; sourceTree = "<group>"; };
		8D92C87C19C4F469002B8428 /* SDWebImageManager.m */ = {isa = PBXFileReference; fileEncoding = 4; lastKnownFileType = sourcecode.c.objc; path = SDWebImageManager.m; sourceTree = "<group>"; };
		8D92C87D19C4F469002B8428 /* SDWebImageOperation.h */ = {isa = PBXFileReference; fileEncoding = 4; lastKnownFileType = sourcecode.c.h; path = SDWebImageOperation.h; sourceTree = "<group>"; };
		8D92C87E19C4F469002B8428 /* SDWebImagePrefetcher.h */ = {isa = PBXFileReference; fileEncoding = 4; lastKnownFileType = sourcecode.c.h; path = SDWebImagePrefetcher.h; sourceTree = "<group>"; };
		8D92C87F19C4F469002B8428 /* SDWebImagePrefetcher.m */ = {isa = PBXFileReference; fileEncoding = 4; lastKnownFileType = sourcecode.c.objc; path = SDWebImagePrefetcher.m; sourceTree = "<group>"; };
		8D92C88019C4F469002B8428 /* UIButton+WebCache.h */ = {isa = PBXFileReference; fileEncoding = 4; lastKnownFileType = sourcecode.c.h; path = "UIButton+WebCache.h"; sourceTree = "<group>"; };
		8D92C88119C4F469002B8428 /* UIButton+WebCache.m */ = {isa = PBXFileReference; fileEncoding = 4; lastKnownFileType = sourcecode.c.objc; path = "UIButton+WebCache.m"; sourceTree = "<group>"; };
		8D92C88219C4F469002B8428 /* UIImage+GIF.h */ = {isa = PBXFileReference; fileEncoding = 4; lastKnownFileType = sourcecode.c.h; path = "UIImage+GIF.h"; sourceTree = "<group>"; };
		8D92C88319C4F469002B8428 /* UIImage+GIF.m */ = {isa = PBXFileReference; fileEncoding = 4; lastKnownFileType = sourcecode.c.objc; path = "UIImage+GIF.m"; sourceTree = "<group>"; };
		8D92C88419C4F469002B8428 /* UIImage+MultiFormat.h */ = {isa = PBXFileReference; fileEncoding = 4; lastKnownFileType = sourcecode.c.h; path = "UIImage+MultiFormat.h"; sourceTree = "<group>"; };
		8D92C88519C4F469002B8428 /* UIImage+MultiFormat.m */ = {isa = PBXFileReference; fileEncoding = 4; lastKnownFileType = sourcecode.c.objc; path = "UIImage+MultiFormat.m"; sourceTree = "<group>"; };
		8D92C88619C4F469002B8428 /* UIImageView+HighlightedWebCache.h */ = {isa = PBXFileReference; fileEncoding = 4; lastKnownFileType = sourcecode.c.h; path = "UIImageView+HighlightedWebCache.h"; sourceTree = "<group>"; };
		8D92C88719C4F469002B8428 /* UIImageView+HighlightedWebCache.m */ = {isa = PBXFileReference; fileEncoding = 4; lastKnownFileType = sourcecode.c.objc; path = "UIImageView+HighlightedWebCache.m"; sourceTree = "<group>"; };
		8D92C88819C4F469002B8428 /* UIImageView+WebCache.h */ = {isa = PBXFileReference; fileEncoding = 4; lastKnownFileType = sourcecode.c.h; path = "UIImageView+WebCache.h"; sourceTree = "<group>"; };
		8D92C88919C4F469002B8428 /* UIImageView+WebCache.m */ = {isa = PBXFileReference; fileEncoding = 4; lastKnownFileType = sourcecode.c.objc; path = "UIImageView+WebCache.m"; sourceTree = "<group>"; };
		8D92C88A19C4F469002B8428 /* UIView+WebCacheOperation.h */ = {isa = PBXFileReference; fileEncoding = 4; lastKnownFileType = sourcecode.c.h; path = "UIView+WebCacheOperation.h"; sourceTree = "<group>"; };
		8D92C88B19C4F469002B8428 /* UIView+WebCacheOperation.m */ = {isa = PBXFileReference; fileEncoding = 4; lastKnownFileType = sourcecode.c.objc; path = "UIView+WebCacheOperation.m"; sourceTree = "<group>"; };
/* End PBXFileReference section */

/* Begin PBXFrameworksBuildPhase section */
		8D92C6E919C418EA002B8428 /* Frameworks */ = {
			isa = PBXFrameworksBuildPhase;
			buildActionMask = 2147483647;
			files = (
				8D92C6F219C418EA002B8428 /* CoreGraphics.framework in Frameworks */,
				8D92C6F419C418EA002B8428 /* UIKit.framework in Frameworks */,
				8D92C6F019C418EA002B8428 /* Foundation.framework in Frameworks */,
			);
			runOnlyForDeploymentPostprocessing = 0;
		};
		8D92C70A19C418EA002B8428 /* Frameworks */ = {
			isa = PBXFrameworksBuildPhase;
			buildActionMask = 2147483647;
			files = (
				8D92C70F19C418EA002B8428 /* XCTest.framework in Frameworks */,
				8D92C71119C418EA002B8428 /* UIKit.framework in Frameworks */,
				8D92C71019C418EA002B8428 /* Foundation.framework in Frameworks */,
			);
			runOnlyForDeploymentPostprocessing = 0;
		};
/* End PBXFrameworksBuildPhase section */

/* Begin PBXGroup section */
		8D92C6E319C418EA002B8428 = {
			isa = PBXGroup;
			children = (
				8D92C6F519C418EA002B8428 /* Bitcoin-Reward */,
				8D92C71419C418EA002B8428 /* Bitcoin-RewardTests */,
				8D92C6EE19C418EA002B8428 /* Frameworks */,
				8D92C6ED19C418EA002B8428 /* Products */,
			);
			sourceTree = "<group>";
		};
		8D92C6ED19C418EA002B8428 /* Products */ = {
			isa = PBXGroup;
			children = (
				8D92C6EC19C418EA002B8428 /* Bitcoin-Reward.app */,
				8D92C70D19C418EA002B8428 /* Bitcoin-RewardTests.xctest */,
			);
			name = Products;
			sourceTree = "<group>";
		};
		8D92C6EE19C418EA002B8428 /* Frameworks */ = {
			isa = PBXGroup;
			children = (
				8D92C6EF19C418EA002B8428 /* Foundation.framework */,
				8D92C6F119C418EA002B8428 /* CoreGraphics.framework */,
				8D92C6F319C418EA002B8428 /* UIKit.framework */,
				8D92C70E19C418EA002B8428 /* XCTest.framework */,
			);
			name = Frameworks;
			sourceTree = "<group>";
		};
		8D92C6F519C418EA002B8428 /* Bitcoin-Reward */ = {
			isa = PBXGroup;
			children = (
				8D92C6FE19C418EA002B8428 /* AppDelegate.h */,
				8D92C6FF19C418EA002B8428 /* AppDelegate.m */,
				8D92C70419C418EA002B8428 /* ViewController.h */,
				8D92C70519C418EA002B8428 /* ViewController.m */,
				8D92C72419C419C4002B8428 /* BitcoinRewarding */,
				8D92C70719C418EA002B8428 /* Images.xcassets */,
				8D92C6F619C418EA002B8428 /* Supporting Files */,
			);
			path = "Bitcoin-Reward";
			sourceTree = "<group>";
		};
		8D92C6F619C418EA002B8428 /* Supporting Files */ = {
			isa = PBXGroup;
			children = (
				8D92C6F719C418EA002B8428 /* Bitcoin-Reward-Info.plist */,
				8D92C6F819C418EA002B8428 /* InfoPlist.strings */,
				8D92C6FB19C418EA002B8428 /* main.m */,
				8D92C6FD19C418EA002B8428 /* Bitcoin-Reward-Prefix.pch */,
			);
			name = "Supporting Files";
			sourceTree = "<group>";
		};
		8D92C71419C418EA002B8428 /* Bitcoin-RewardTests */ = {
			isa = PBXGroup;
			children = (
				8D92C71A19C418EA002B8428 /* Bitcoin_RewardTests.m */,
				8D92C71519C418EA002B8428 /* Supporting Files */,
			);
			path = "Bitcoin-RewardTests";
			sourceTree = "<group>";
		};
		8D92C71519C418EA002B8428 /* Supporting Files */ = {
			isa = PBXGroup;
			children = (
				8D92C71619C418EA002B8428 /* Bitcoin-RewardTests-Info.plist */,
				8D92C71719C418EA002B8428 /* InfoPlist.strings */,
			);
			name = "Supporting Files";
			sourceTree = "<group>";
		};
		8D92C72419C419C4002B8428 /* BitcoinRewarding */ = {
			isa = PBXGroup;
			children = (
				8D92C75119C46A22002B8428 /* YQParse */,
				8D92C74D19C46A1A002B8428 /* YQLabel */,
				8D92C73019C41A16002B8428 /* YQNetworking */,
				8D92C72C19C419FA002B8428 /* YQButton */,
				8D92C72519C419DD002B8428 /* YQPopoverController */,
				8D92C78219C46B20002B8428 /* BitcoinRewarding.h */,
				8D92C78319C46B20002B8428 /* BitcoinRewarding.m */,
				8D92C79819C4EF90002B8428 /* BRAccount.h */,
				8D92C79919C4EF90002B8428 /* BRAccount.m */,
				8D92C79A19C4EF91002B8428 /* BRExchange.h */,
				8D92C79B19C4EF91002B8428 /* BRExchange.m */,
				8D92C79C19C4EF91002B8428 /* BRRequest.h */,
				8D92C79D19C4EF91002B8428 /* BRRequest.m */,
				8D92C79E19C4EF91002B8428 /* BRTransaction.h */,
				8D92C79F19C4EF91002B8428 /* BRTransaction.m */,
				8D92C7A019C4EF91002B8428 /* BRCoinbase.h */,
				8D92C7A119C4EF91002B8428 /* BRCoinbase.m */,
				8D92C78519C4720A002B8428 /* BRHTTPRequestOperationManager.h */,
				8D92C78619C4720A002B8428 /* BRHTTPRequestOperationManager.m */,
				8D92C86E19C4F469002B8428 /* SDWebImage */,
				8D92C83719C4F40B002B8428 /* SAMCategories */,
				8D92C83019C4F3F5002B8428 /* NSHash */,
				8D92C82A19C4F3E9002B8428 /* NSDate+TimeAgo */,
			);
			path = BitcoinRewarding;
			sourceTree = SOURCE_ROOT;
		};
		8D92C72519C419DD002B8428 /* YQPopoverController */ = {
			isa = PBXGroup;
			children = (
				8D92C72619C419DD002B8428 /* YQPopoverController.h */,
				8D92C72719C419DD002B8428 /* YQPopoverController.m */,
				8D92C72819C419DD002B8428 /* YQStoryboardPopoverSegue.h */,
				8D92C72919C419DD002B8428 /* YQStoryboardPopoverSegue.m */,
			);
			path = YQPopoverController;
			sourceTree = "<group>";
		};
		8D92C72C19C419FA002B8428 /* YQButton */ = {
			isa = PBXGroup;
			children = (
				8D92C72D19C419FA002B8428 /* YQButton.h */,
				8D92C72E19C419FA002B8428 /* YQButton.m */,
			);
			path = YQButton;
			sourceTree = "<group>";
		};
		8D92C73019C41A16002B8428 /* YQNetworking */ = {
			isa = PBXGroup;
			children = (
				8D92C73119C41A16002B8428 /* YQHTTPRequestOperation.h */,
				8D92C73219C41A16002B8428 /* YQHTTPRequestOperation.m */,
				8D92C73319C41A16002B8428 /* YQHTTPRequestOperationManager.h */,
				8D92C73419C41A16002B8428 /* YQHTTPRequestOperationManager.m */,
				8D92C73519C41A16002B8428 /* YQHTTPSessionManager.h */,
				8D92C73619C41A16002B8428 /* YQHTTPSessionManager.m */,
				8D92C73719C41A16002B8428 /* YQNetworking.h */,
				8D92C73819C41A16002B8428 /* YQNetworkReachabilityManager.h */,
				8D92C73919C41A16002B8428 /* YQNetworkReachabilityManager.m */,
				8D92C73A19C41A16002B8428 /* YQSecurityPolicy.h */,
				8D92C73B19C41A16002B8428 /* YQSecurityPolicy.m */,
				8D92C73C19C41A16002B8428 /* YQURLConnectionOperation.h */,
				8D92C73D19C41A16002B8428 /* YQURLConnectionOperation.m */,
				8D92C73E19C41A16002B8428 /* YQURLRequestSerialization.h */,
				8D92C73F19C41A16002B8428 /* YQURLRequestSerialization.m */,
				8D92C74019C41A16002B8428 /* YQURLResponseSerialization.h */,
				8D92C74119C41A16002B8428 /* YQURLResponseSerialization.m */,
				8D92C74219C41A16002B8428 /* YQURLSessionManager.h */,
				8D92C74319C41A16002B8428 /* YQURLSessionManager.m */,
			);
			path = YQNetworking;
			sourceTree = "<group>";
		};
		8D92C74D19C46A1A002B8428 /* YQLabel */ = {
			isa = PBXGroup;
			children = (
				8D92C74E19C46A1A002B8428 /* YQLabel.h */,
				8D92C74F19C46A1A002B8428 /* YQLabel.m */,
			);
			path = YQLabel;
			sourceTree = "<group>";
		};
		8D92C75119C46A22002B8428 /* YQParse */ = {
			isa = PBXGroup;
			children = (
				8D92C76619C46A22002B8428 /* YQParse.h */,
				8D92C76719C46A22002B8428 /* YQParse.m */,
				8D92C76819C46A22002B8428 /* YQParseConstants.h */,
				8D92C76919C46A22002B8428 /* YQParseImgaeView.h */,
				8D92C76A19C46A22002B8428 /* YQParseImgaeView.m */,
				8D92C76B19C46A22002B8428 /* YQParseObject.h */,
				8D92C76C19C46A22002B8428 /* YQParseObject.m */,
				8D92C76D19C46A22002B8428 /* YQParseQuery.h */,
				8D92C76E19C46A22002B8428 /* YQParseQuery.m */,
				8D92C76F19C46A22002B8428 /* YQParseRequestOperationManager.h */,
				8D92C77019C46A22002B8428 /* YQParseRequestOperationManager.m */,
				8D92C77119C46A22002B8428 /* YQParseUser.h */,
				8D92C77219C46A22002B8428 /* YQParseUser.m */,
			);
			path = YQParse;
			sourceTree = "<group>";
		};
		8D92C82A19C4F3E9002B8428 /* NSDate+TimeAgo */ = {
			isa = PBXGroup;
			children = (
				8D92C82B19C4F3E9002B8428 /* NSDate+TimeAgo.h */,
				8D92C82C19C4F3E9002B8428 /* NSDate+TimeAgo.m */,
				8D92C82D19C4F3E9002B8428 /* NSDateTimeAgo.bundle */,
			);
			path = "NSDate+TimeAgo";
			sourceTree = "<group>";
		};
		8D92C83019C4F3F5002B8428 /* NSHash */ = {
			isa = PBXGroup;
			children = (
				8D92C83119C4F3F5002B8428 /* NSData+NSHash.h */,
				8D92C83219C4F3F5002B8428 /* NSData+NSHash.m */,
				8D92C83319C4F3F5002B8428 /* NSString+NSHash.h */,
				8D92C83419C4F3F5002B8428 /* NSString+NSHash.m */,
			);
			path = NSHash;
			sourceTree = "<group>";
		};
		8D92C83719C4F40B002B8428 /* SAMCategories */ = {
			isa = PBXGroup;
			children = (
				8D92C83819C4F40B002B8428 /* NSArray+SAMAdditions.h */,
				8D92C83919C4F40B002B8428 /* NSArray+SAMAdditions.m */,
				8D92C83A19C4F40B002B8428 /* NSData+SAMAdditions.h */,
				8D92C83B19C4F40B002B8428 /* NSData+SAMAdditions.m */,
				8D92C83C19C4F40B002B8428 /* NSDate+SAMAdditions.h */,
				8D92C83D19C4F40B002B8428 /* NSDate+SAMAdditions.m */,
				8D92C83E19C4F40B002B8428 /* NSDictionary+SAMAdditions.h */,
				8D92C83F19C4F40B002B8428 /* NSDictionary+SAMAdditions.m */,
				8D92C84019C4F40B002B8428 /* NSNumber+SAMAdditions.h */,
				8D92C84119C4F40B002B8428 /* NSNumber+SAMAdditions.m */,
				8D92C84219C4F40B002B8428 /* NSObject+SAMAdditions.h */,
				8D92C84319C4F40B002B8428 /* NSObject+SAMAdditions.m */,
				8D92C84419C4F40B002B8428 /* NSString+SAMAdditions.h */,
				8D92C84519C4F40B002B8428 /* NSString+SAMAdditions.m */,
				8D92C84619C4F40B002B8428 /* NSURL+SAMAdditions.h */,
				8D92C84719C4F40B002B8428 /* NSURL+SAMAdditions.m */,
				8D92C84819C4F40B002B8428 /* NSUserDefaults+SAMAdditions.h */,
				8D92C84919C4F40B002B8428 /* NSUserDefaults+SAMAdditions.m */,
				8D92C84A19C4F40B002B8428 /* SAMCategories.bundle */,
				8D92C84B19C4F40B002B8428 /* SAMCategories.h */,
				8D92C84C19C4F40B002B8428 /* UIApplication+SAMAdditions.h */,
				8D92C84D19C4F40B002B8428 /* UIApplication+SAMAdditions.m */,
				8D92C84E19C4F40B002B8428 /* UIColor+SAMAdditions.h */,
				8D92C84F19C4F40B002B8428 /* UIColor+SAMAdditions.m */,
				8D92C85019C4F40B002B8428 /* UIControl+SAMAdditions.h */,
				8D92C85119C4F40B002B8428 /* UIControl+SAMAdditions.m */,
				8D92C85219C4F40B002B8428 /* UIDevice+SAMAdditions.h */,
				8D92C85319C4F40B002B8428 /* UIDevice+SAMAdditions.m */,
				8D92C85419C4F40B002B8428 /* UIScreen+SAMAdditions.h */,
				8D92C85519C4F40B002B8428 /* UIScreen+SAMAdditions.m */,
				8D92C85619C4F40B002B8428 /* UIScrollView+SAMAdditions.h */,
				8D92C85719C4F40B002B8428 /* UIScrollView+SAMAdditions.m */,
				8D92C85819C4F40B002B8428 /* UIView+SAMAdditions.h */,
				8D92C85919C4F40B002B8428 /* UIView+SAMAdditions.m */,
				8D92C85A19C4F40B002B8428 /* UIViewController+SAMAdditions.h */,
				8D92C85B19C4F40B002B8428 /* UIViewController+SAMAdditions.m */,
			);
			path = SAMCategories;
			sourceTree = "<group>";
		};
		8D92C86E19C4F469002B8428 /* SDWebImage */ = {
			isa = PBXGroup;
			children = (
				8D92C86F19C4F469002B8428 /* NSData+ImageContentType.h */,
				8D92C87019C4F469002B8428 /* NSData+ImageContentType.m */,
				8D92C87119C4F469002B8428 /* SDImageCache.h */,
				8D92C87219C4F469002B8428 /* SDImageCache.m */,
				8D92C87319C4F469002B8428 /* SDWebImageCompat.h */,
				8D92C87419C4F469002B8428 /* SDWebImageCompat.m */,
				8D92C87519C4F469002B8428 /* SDWebImageDecoder.h */,
				8D92C87619C4F469002B8428 /* SDWebImageDecoder.m */,
				8D92C87719C4F469002B8428 /* SDWebImageDownloader.h */,
				8D92C87819C4F469002B8428 /* SDWebImageDownloader.m */,
				8D92C87919C4F469002B8428 /* SDWebImageDownloaderOperation.h */,
				8D92C87A19C4F469002B8428 /* SDWebImageDownloaderOperation.m */,
				8D92C87B19C4F469002B8428 /* SDWebImageManager.h */,
				8D92C87C19C4F469002B8428 /* SDWebImageManager.m */,
				8D92C87D19C4F469002B8428 /* SDWebImageOperation.h */,
				8D92C87E19C4F469002B8428 /* SDWebImagePrefetcher.h */,
				8D92C87F19C4F469002B8428 /* SDWebImagePrefetcher.m */,
				8D92C88019C4F469002B8428 /* UIButton+WebCache.h */,
				8D92C88119C4F469002B8428 /* UIButton+WebCache.m */,
				8D92C88219C4F469002B8428 /* UIImage+GIF.h */,
				8D92C88319C4F469002B8428 /* UIImage+GIF.m */,
				8D92C88419C4F469002B8428 /* UIImage+MultiFormat.h */,
				8D92C88519C4F469002B8428 /* UIImage+MultiFormat.m */,
				8D92C88619C4F469002B8428 /* UIImageView+HighlightedWebCache.h */,
				8D92C88719C4F469002B8428 /* UIImageView+HighlightedWebCache.m */,
				8D92C88819C4F469002B8428 /* UIImageView+WebCache.h */,
				8D92C88919C4F469002B8428 /* UIImageView+WebCache.m */,
				8D92C88A19C4F469002B8428 /* UIView+WebCacheOperation.h */,
				8D92C88B19C4F469002B8428 /* UIView+WebCacheOperation.m */,
			);
			path = SDWebImage;
			sourceTree = "<group>";
		};
/* End PBXGroup section */

/* Begin PBXNativeTarget section */
		8D92C6EB19C418EA002B8428 /* Bitcoin-Reward */ = {
			isa = PBXNativeTarget;
			buildConfigurationList = 8D92C71E19C418EA002B8428 /* Build configuration list for PBXNativeTarget "Bitcoin-Reward" */;
			buildPhases = (
				8D92C6E819C418EA002B8428 /* Sources */,
				8D92C6E919C418EA002B8428 /* Frameworks */,
				8D92C6EA19C418EA002B8428 /* Resources */,
			);
			buildRules = (
			);
			dependencies = (
			);
			name = "Bitcoin-Reward";
			productName = "Bitcoin-Reward";
			productReference = 8D92C6EC19C418EA002B8428 /* Bitcoin-Reward.app */;
			productType = "com.apple.product-type.application";
		};
		8D92C70C19C418EA002B8428 /* Bitcoin-RewardTests */ = {
			isa = PBXNativeTarget;
			buildConfigurationList = 8D92C72119C418EA002B8428 /* Build configuration list for PBXNativeTarget "Bitcoin-RewardTests" */;
			buildPhases = (
				8D92C70919C418EA002B8428 /* Sources */,
				8D92C70A19C418EA002B8428 /* Frameworks */,
				8D92C70B19C418EA002B8428 /* Resources */,
			);
			buildRules = (
			);
			dependencies = (
				8D92C71319C418EA002B8428 /* PBXTargetDependency */,
			);
			name = "Bitcoin-RewardTests";
			productName = "Bitcoin-RewardTests";
			productReference = 8D92C70D19C418EA002B8428 /* Bitcoin-RewardTests.xctest */;
			productType = "com.apple.product-type.bundle.unit-test";
		};
/* End PBXNativeTarget section */

/* Begin PBXProject section */
		8D92C6E419C418EA002B8428 /* Project object */ = {
			isa = PBXProject;
			attributes = {
				LastUpgradeCheck = 0510;
				ORGANIZATIONNAME = yiqin;
				TargetAttributes = {
					8D92C70C19C418EA002B8428 = {
						TestTargetID = 8D92C6EB19C418EA002B8428;
					};
				};
			};
			buildConfigurationList = 8D92C6E719C418EA002B8428 /* Build configuration list for PBXProject "Bitcoin-Reward" */;
			compatibilityVersion = "Xcode 3.2";
			developmentRegion = English;
			hasScannedForEncodings = 0;
			knownRegions = (
				en,
				Base,
			);
			mainGroup = 8D92C6E319C418EA002B8428;
			productRefGroup = 8D92C6ED19C418EA002B8428 /* Products */;
			projectDirPath = "";
			projectRoot = "";
			targets = (
				8D92C6EB19C418EA002B8428 /* Bitcoin-Reward */,
				8D92C70C19C418EA002B8428 /* Bitcoin-RewardTests */,
			);
		};
/* End PBXProject section */

/* Begin PBXResourcesBuildPhase section */
		8D92C6EA19C418EA002B8428 /* Resources */ = {
			isa = PBXResourcesBuildPhase;
			buildActionMask = 2147483647;
			files = (
				8D92C82F19C4F3E9002B8428 /* NSDateTimeAgo.bundle in Resources */,
				8D92C70819C418EA002B8428 /* Images.xcassets in Resources */,
				8D92C6FA19C418EA002B8428 /* InfoPlist.strings in Resources */,
				8D92C86519C4F40B002B8428 /* SAMCategories.bundle in Resources */,
			);
			runOnlyForDeploymentPostprocessing = 0;
		};
		8D92C70B19C418EA002B8428 /* Resources */ = {
			isa = PBXResourcesBuildPhase;
			buildActionMask = 2147483647;
			files = (
				8D92C71919C418EA002B8428 /* InfoPlist.strings in Resources */,
			);
			runOnlyForDeploymentPostprocessing = 0;
		};
/* End PBXResourcesBuildPhase section */

/* Begin PBXSourcesBuildPhase section */
		8D92C6E819C418EA002B8428 /* Sources */ = {
			isa = PBXSourcesBuildPhase;
			buildActionMask = 2147483647;
			files = (
				8D92C74419C41A16002B8428 /* YQHTTPRequestOperation.m in Sources */,
				8D92C89219C4F469002B8428 /* SDWebImageManager.m in Sources */,
				8D92C86919C4F40B002B8428 /* UIDevice+SAMAdditions.m in Sources */,
				8D92C89719C4F469002B8428 /* UIImageView+HighlightedWebCache.m in Sources */,
				8D92C89319C4F469002B8428 /* SDWebImagePrefetcher.m in Sources */,
				8D92C74519C41A16002B8428 /* YQHTTPRequestOperationManager.m in Sources */,
				8D92C77F19C46A22002B8428 /* YQParseQuery.m in Sources */,
				8D92C86119C4F40B002B8428 /* NSObject+SAMAdditions.m in Sources */,
				8D92C78719C4720A002B8428 /* BRHTTPRequestOperationManager.m in Sources */,
				8D92C78019C46A22002B8428 /* YQParseRequestOperationManager.m in Sources */,
				8D92C86419C4F40B002B8428 /* NSUserDefaults+SAMAdditions.m in Sources */,
				8D92C86B19C4F40B002B8428 /* UIScrollView+SAMAdditions.m in Sources */,
				8D92C82E19C4F3E9002B8428 /* NSDate+TimeAgo.m in Sources */,
				8D92C89019C4F469002B8428 /* SDWebImageDownloader.m in Sources */,
				8D92C89819C4F469002B8428 /* UIImageView+WebCache.m in Sources */,
				8D92C89119C4F469002B8428 /* SDWebImageDownloaderOperation.m in Sources */,
				8D92C89519C4F469002B8428 /* UIImage+GIF.m in Sources */,
				8D92C85D19C4F40B002B8428 /* NSData+SAMAdditions.m in Sources */,
				8D92C72B19C419DD002B8428 /* YQStoryboardPopoverSegue.m in Sources */,
				8D92C86D19C4F40B002B8428 /* UIViewController+SAMAdditions.m in Sources */,
				8D92C86219C4F40B002B8428 /* NSString+SAMAdditions.m in Sources */,
				8D92C7A619C4EF91002B8428 /* BRCoinbase.m in Sources */,
				8D92C7A219C4EF91002B8428 /* BRAccount.m in Sources */,
				8D92C77D19C46A22002B8428 /* YQParseImgaeView.m in Sources */,
				8D92C88E19C4F469002B8428 /* SDWebImageCompat.m in Sources */,
				8D92C74A19C41A16002B8428 /* YQURLRequestSerialization.m in Sources */,
				8D92C7A519C4EF91002B8428 /* BRTransaction.m in Sources */,
				8D92C77E19C46A22002B8428 /* YQParseObject.m in Sources */,
				8D92C88C19C4F469002B8428 /* NSData+ImageContentType.m in Sources */,
				8D92C74919C41A16002B8428 /* YQURLConnectionOperation.m in Sources */,
				8D92C89419C4F469002B8428 /* UIButton+WebCache.m in Sources */,
				8D92C74819C41A16002B8428 /* YQSecurityPolicy.m in Sources */,
				8D92C72F19C419FA002B8428 /* YQButton.m in Sources */,
				8D92C7A419C4EF91002B8428 /* BRRequest.m in Sources */,
				8D92C74C19C41A16002B8428 /* YQURLSessionManager.m in Sources */,
				8D92C78419C46B20002B8428 /* BitcoinRewarding.m in Sources */,
				8D92C86319C4F40B002B8428 /* NSURL+SAMAdditions.m in Sources */,
				8D92C86719C4F40B002B8428 /* UIColor+SAMAdditions.m in Sources */,
				8D92C86819C4F40B002B8428 /* UIControl+SAMAdditions.m in Sources */,
				8D92C85C19C4F40B002B8428 /* NSArray+SAMAdditions.m in Sources */,
				8D92C78119C46A22002B8428 /* YQParseUser.m in Sources */,
				8D92C83619C4F3F5002B8428 /* NSString+NSHash.m in Sources */,
				8D92C70619C418EA002B8428 /* ViewController.m in Sources */,
				8D92C86A19C4F40B002B8428 /* UIScreen+SAMAdditions.m in Sources */,
				8D92C7A319C4EF91002B8428 /* BRExchange.m in Sources */,
				8D92C72A19C419DD002B8428 /* YQPopoverController.m in Sources */,
				8D92C74619C41A16002B8428 /* YQHTTPSessionManager.m in Sources */,
				8D92C86C19C4F40B002B8428 /* UIView+SAMAdditions.m in Sources */,
				8D92C74719C41A16002B8428 /* YQNetworkReachabilityManager.m in Sources */,
				8D92C83519C4F3F5002B8428 /* NSData+NSHash.m in Sources */,
				8D92C85E19C4F40B002B8428 /* NSDate+SAMAdditions.m in Sources */,
				8D92C88F19C4F469002B8428 /* SDWebImageDecoder.m in Sources */,
				8D92C89919C4F469002B8428 /* UIView+WebCacheOperation.m in Sources */,
				8D92C70019C418EA002B8428 /* AppDelegate.m in Sources */,
				8D92C86019C4F40B002B8428 /* NSNumber+SAMAdditions.m in Sources */,
				8D92C89619C4F469002B8428 /* UIImage+MultiFormat.m in Sources */,
				8D92C6FC19C418EA002B8428 /* main.m in Sources */,
				8D92C85F19C4F40B002B8428 /* NSDictionary+SAMAdditions.m in Sources */,
				8D92C88D19C4F469002B8428 /* SDImageCache.m in Sources */,
				8D92C75019C46A1A002B8428 /* YQLabel.m in Sources */,
				8D92C74B19C41A16002B8428 /* YQURLResponseSerialization.m in Sources */,
				8D92C86619C4F40B002B8428 /* UIApplication+SAMAdditions.m in Sources */,
				8D92C77C19C46A22002B8428 /* YQParse.m in Sources */,
			);
			runOnlyForDeploymentPostprocessing = 0;
		};
		8D92C70919C418EA002B8428 /* Sources */ = {
			isa = PBXSourcesBuildPhase;
			buildActionMask = 2147483647;
			files = (
				8D92C71B19C418EA002B8428 /* Bitcoin_RewardTests.m in Sources */,
			);
			runOnlyForDeploymentPostprocessing = 0;
		};
/* End PBXSourcesBuildPhase section */

/* Begin PBXTargetDependency section */
		8D92C71319C418EA002B8428 /* PBXTargetDependency */ = {
			isa = PBXTargetDependency;
			target = 8D92C6EB19C418EA002B8428 /* Bitcoin-Reward */;
			targetProxy = 8D92C71219C418EA002B8428 /* PBXContainerItemProxy */;
		};
/* End PBXTargetDependency section */

/* Begin PBXVariantGroup section */
		8D92C6F819C418EA002B8428 /* InfoPlist.strings */ = {
			isa = PBXVariantGroup;
			children = (
				8D92C6F919C418EA002B8428 /* en */,
			);
			name = InfoPlist.strings;
			sourceTree = "<group>";
		};
		8D92C71719C418EA002B8428 /* InfoPlist.strings */ = {
			isa = PBXVariantGroup;
			children = (
				8D92C71819C418EA002B8428 /* en */,
			);
			name = InfoPlist.strings;
			sourceTree = "<group>";
		};
/* End PBXVariantGroup section */

/* Begin XCBuildConfiguration section */
		8D92C71C19C418EA002B8428 /* Debug */ = {
			isa = XCBuildConfiguration;
			buildSettings = {
				ALWAYS_SEARCH_USER_PATHS = NO;
				CLANG_CXX_LANGUAGE_STANDARD = "gnu++0x";
				CLANG_CXX_LIBRARY = "libc++";
				CLANG_ENABLE_MODULES = YES;
				CLANG_ENABLE_OBJC_ARC = YES;
				CLANG_WARN_BOOL_CONVERSION = YES;
				CLANG_WARN_CONSTANT_CONVERSION = YES;
				CLANG_WARN_DIRECT_OBJC_ISA_USAGE = YES_ERROR;
				CLANG_WARN_EMPTY_BODY = YES;
				CLANG_WARN_ENUM_CONVERSION = YES;
				CLANG_WARN_INT_CONVERSION = YES;
				CLANG_WARN_OBJC_ROOT_CLASS = YES_ERROR;
				CLANG_WARN__DUPLICATE_METHOD_MATCH = YES;
				"CODE_SIGN_IDENTITY[sdk=iphoneos*]" = "iPhone Developer";
				COPY_PHASE_STRIP = NO;
				GCC_C_LANGUAGE_STANDARD = gnu99;
				GCC_DYNAMIC_NO_PIC = NO;
				GCC_OPTIMIZATION_LEVEL = 0;
				GCC_PREPROCESSOR_DEFINITIONS = (
					"DEBUG=1",
					"$(inherited)",
				);
				GCC_SYMBOLS_PRIVATE_EXTERN = NO;
				GCC_WARN_64_TO_32_BIT_CONVERSION = YES;
				GCC_WARN_ABOUT_RETURN_TYPE = YES_ERROR;
				GCC_WARN_UNDECLARED_SELECTOR = YES;
				GCC_WARN_UNINITIALIZED_AUTOS = YES_AGGRESSIVE;
				GCC_WARN_UNUSED_FUNCTION = YES;
				GCC_WARN_UNUSED_VARIABLE = YES;
				IPHONEOS_DEPLOYMENT_TARGET = 7.1;
				ONLY_ACTIVE_ARCH = YES;
				SDKROOT = iphoneos;
			};
			name = Debug;
		};
		8D92C71D19C418EA002B8428 /* Release */ = {
			isa = XCBuildConfiguration;
			buildSettings = {
				ALWAYS_SEARCH_USER_PATHS = NO;
				CLANG_CXX_LANGUAGE_STANDARD = "gnu++0x";
				CLANG_CXX_LIBRARY = "libc++";
				CLANG_ENABLE_MODULES = YES;
				CLANG_ENABLE_OBJC_ARC = YES;
				CLANG_WARN_BOOL_CONVERSION = YES;
				CLANG_WARN_CONSTANT_CONVERSION = YES;
				CLANG_WARN_DIRECT_OBJC_ISA_USAGE = YES_ERROR;
				CLANG_WARN_EMPTY_BODY = YES;
				CLANG_WARN_ENUM_CONVERSION = YES;
				CLANG_WARN_INT_CONVERSION = YES;
				CLANG_WARN_OBJC_ROOT_CLASS = YES_ERROR;
				CLANG_WARN__DUPLICATE_METHOD_MATCH = YES;
				"CODE_SIGN_IDENTITY[sdk=iphoneos*]" = "iPhone Developer";
				COPY_PHASE_STRIP = YES;
				ENABLE_NS_ASSERTIONS = NO;
				GCC_C_LANGUAGE_STANDARD = gnu99;
				GCC_WARN_64_TO_32_BIT_CONVERSION = YES;
				GCC_WARN_ABOUT_RETURN_TYPE = YES_ERROR;
				GCC_WARN_UNDECLARED_SELECTOR = YES;
				GCC_WARN_UNINITIALIZED_AUTOS = YES_AGGRESSIVE;
				GCC_WARN_UNUSED_FUNCTION = YES;
				GCC_WARN_UNUSED_VARIABLE = YES;
				IPHONEOS_DEPLOYMENT_TARGET = 7.1;
				SDKROOT = iphoneos;
				VALIDATE_PRODUCT = YES;
			};
			name = Release;
		};
		8D92C71F19C418EA002B8428 /* Debug */ = {
			isa = XCBuildConfiguration;
			buildSettings = {
				ASSETCATALOG_COMPILER_APPICON_NAME = AppIcon;
				ASSETCATALOG_COMPILER_LAUNCHIMAGE_NAME = LaunchImage;
				GCC_PRECOMPILE_PREFIX_HEADER = YES;
				GCC_PREFIX_HEADER = "Bitcoin-Reward/Bitcoin-Reward-Prefix.pch";
				INFOPLIST_FILE = "Bitcoin-Reward/Bitcoin-Reward-Info.plist";
				PRODUCT_NAME = "$(TARGET_NAME)";
				WRAPPER_EXTENSION = app;
			};
			name = Debug;
		};
		8D92C72019C418EA002B8428 /* Release */ = {
			isa = XCBuildConfiguration;
			buildSettings = {
				ASSETCATALOG_COMPILER_APPICON_NAME = AppIcon;
				ASSETCATALOG_COMPILER_LAUNCHIMAGE_NAME = LaunchImage;
				GCC_PRECOMPILE_PREFIX_HEADER = YES;
				GCC_PREFIX_HEADER = "Bitcoin-Reward/Bitcoin-Reward-Prefix.pch";
				INFOPLIST_FILE = "Bitcoin-Reward/Bitcoin-Reward-Info.plist";
				PRODUCT_NAME = "$(TARGET_NAME)";
				WRAPPER_EXTENSION = app;
			};
			name = Release;
		};
		8D92C72219C418EA002B8428 /* Debug */ = {
			isa = XCBuildConfiguration;
			buildSettings = {
				BUNDLE_LOADER = "$(BUILT_PRODUCTS_DIR)/Bitcoin-Reward.app/Bitcoin-Reward";
				FRAMEWORK_SEARCH_PATHS = (
					"$(SDKROOT)/Developer/Library/Frameworks",
					"$(inherited)",
					"$(DEVELOPER_FRAMEWORKS_DIR)",
				);
				GCC_PRECOMPILE_PREFIX_HEADER = YES;
				GCC_PREFIX_HEADER = "Bitcoin-Reward/Bitcoin-Reward-Prefix.pch";
				GCC_PREPROCESSOR_DEFINITIONS = (
					"DEBUG=1",
					"$(inherited)",
				);
				INFOPLIST_FILE = "Bitcoin-RewardTests/Bitcoin-RewardTests-Info.plist";
				PRODUCT_NAME = "$(TARGET_NAME)";
				TEST_HOST = "$(BUNDLE_LOADER)";
				WRAPPER_EXTENSION = xctest;
			};
			name = Debug;
		};
		8D92C72319C418EA002B8428 /* Release */ = {
			isa = XCBuildConfiguration;
			buildSettings = {
				BUNDLE_LOADER = "$(BUILT_PRODUCTS_DIR)/Bitcoin-Reward.app/Bitcoin-Reward";
				FRAMEWORK_SEARCH_PATHS = (
					"$(SDKROOT)/Developer/Library/Frameworks",
					"$(inherited)",
					"$(DEVELOPER_FRAMEWORKS_DIR)",
				);
				GCC_PRECOMPILE_PREFIX_HEADER = YES;
				GCC_PREFIX_HEADER = "Bitcoin-Reward/Bitcoin-Reward-Prefix.pch";
				INFOPLIST_FILE = "Bitcoin-RewardTests/Bitcoin-RewardTests-Info.plist";
				PRODUCT_NAME = "$(TARGET_NAME)";
				TEST_HOST = "$(BUNDLE_LOADER)";
				WRAPPER_EXTENSION = xctest;
			};
			name = Release;
		};
/* End XCBuildConfiguration section */

/* Begin XCConfigurationList section */
		8D92C6E719C418EA002B8428 /* Build configuration list for PBXProject "Bitcoin-Reward" */ = {
			isa = XCConfigurationList;
			buildConfigurations = (
				8D92C71C19C418EA002B8428 /* Debug */,
				8D92C71D19C418EA002B8428 /* Release */,
			);
			defaultConfigurationIsVisible = 0;
			defaultConfigurationName = Release;
		};
		8D92C71E19C418EA002B8428 /* Build configuration list for PBXNativeTarget "Bitcoin-Reward" */ = {
			isa = XCConfigurationList;
			buildConfigurations = (
				8D92C71F19C418EA002B8428 /* Debug */,
				8D92C72019C418EA002B8428 /* Release */,
			);
			defaultConfigurationIsVisible = 0;
			defaultConfigurationName = Release;
		};
		8D92C72119C418EA002B8428 /* Build configuration list for PBXNativeTarget "Bitcoin-RewardTests" */ = {
			isa = XCConfigurationList;
			buildConfigurations = (
				8D92C72219C418EA002B8428 /* Debug */,
				8D92C72319C418EA002B8428 /* Release */,
			);
			defaultConfigurationIsVisible = 0;
			defaultConfigurationName = Release;
		};
/* End XCConfigurationList section */
	};
	rootObject = 8D92C6E419C418EA002B8428 /* Project object */;
}
